
Microsoft Visual Studio Solution File, Format Version 12.00
# Visual Studio Version 16
VisualStudioVersion = 16.0.31129.286
MinimumVisualStudioVersion = 10.0.40219.1
Project("{FAE04EC0-301F-11D3-BF4B-00C04F79EFBC}") = "WebFormsDemo", "WebFormsDemo\WebFormsDemo.csproj", "{D3089701-54CE-46D4-91CC-C759D2518957}"
EndProject
Global
	GlobalSection(SolutionConfigurationPlatforms) = preSolution
		Debug|Any CPU = Debug|Any CPU
		Release|Any CPU = Release|Any CPU
	EndGlobalSection
	GlobalSection(ProjectConfigurationPlatforms) = postSolution
		{D3089701-54CE-46D4-91CC-C759D2518957}.Debug|Any CPU.ActiveCfg = Debug|Any CPU
		{D3089701-54CE-46D4-91CC-C759D2518957}.Debug|Any CPU.Build.0 = Debug|Any CPU
		{D3089701-54CE-46D4-91CC-C759D2518957}.Release|Any CPU.ActiveCfg = Release|Any CPU
		{D3089701-54CE-46D4-91CC-C759D2518957}.Release|Any CPU.Build.0 = Release|Any CPU
	EndGlobalSection
	GlobalSection(SolutionProperties) = preSolution
		HideSolutionNode = FALSE
	EndGlobalSection
	GlobalSection(ExtensibilityGlobals) = postSolution
		SolutionGuid = {87E5DF5E-AD62-4B6A-A342-09848FA8D79A}
	EndGlobalSection
EndGlobal
